
Microsoft Visual Studio Solution File, Format Version 12.00
# Visual Studio Version 17
VisualStudioVersion = 17.1.32210.238
MinimumVisualStudioVersion = 10.0.40219.1
Project("{C7167F0D-BC9F-4E6E-AFE1-012C56B48DB5}") = "UnikeyVietnameseKeyboard.Packaging", "src\UnikeyVietnameseKeyboard.Packaging\UnikeyVietnameseKeyboard.Packaging.wapproj", "{54476C7D-B9EE-41B3-8106-506C74C54A12}"
EndProject
Project("{9A19103F-16F7-4668-BE54-9A1E7A4F7556}") = "UnikeyVietnameseKeyboard.Launcher", "src\UnikeyVietnameseKeyboard.Launcher\UnikeyVietnameseKeyboard.Launcher.csproj", "{241782FE-324A-4955-99DB-F38AFED3810F}"
EndProject
Project("{2150E333-8FDC-42A3-9474-1A3956D46DE8}") = "Solution Items", "Solution Items", "{22CE2509-3DB1-468E-8BAD-B2F01E190934}"
	ProjectSection(SolutionItems) = preProject
		.github\workflows\dotnet-workflow.yml = .github\workflows\dotnet-workflow.yml
		README.md = README.md
	EndProjectSection
EndProject
Global
	GlobalSection(SolutionConfigurationPlatforms) = preSolution
		Debug|x64 = Debug|x64
		Debug|x86 = Debug|x86
		Release|x64 = Release|x64
		Release|x86 = Release|x86
	EndGlobalSection
	GlobalSection(ProjectConfigurationPlatforms) = postSolution
		{54476C7D-B9EE-41B3-8106-506C74C54A12}.Debug|x64.ActiveCfg = Debug|x64
		{54476C7D-B9EE-41B3-8106-506C74C54A12}.Debug|x64.Build.0 = Debug|x64
		{54476C7D-B9EE-41B3-8106-506C74C54A12}.Debug|x64.Deploy.0 = Debug|x64
		{54476C7D-B9EE-41B3-8106-506C74C54A12}.Debug|x86.ActiveCfg = Debug|x86
		{54476C7D-B9EE-41B3-8106-506C74C54A12}.Debug|x86.Build.0 = Debug|x86
		{54476C7D-B9EE-41B3-8106-506C74C54A12}.Debug|x86.Deploy.0 = Debug|x86
		{54476C7D-B9EE-41B3-8106-506C74C54A12}.Release|x64.ActiveCfg = Release|x64
		{54476C7D-B9EE-41B3-8106-506C74C54A12}.Release|x64.Build.0 = Release|x64
		{54476C7D-B9EE-41B3-8106-506C74C54A12}.Release|x64.Deploy.0 = Release|x64
		{54476C7D-B9EE-41B3-8106-506C74C54A12}.Release|x86.ActiveCfg = Release|x86
		{54476C7D-B9EE-41B3-8106-506C74C54A12}.Release|x86.Build.0 = Release|x86
		{54476C7D-B9EE-41B3-8106-506C74C54A12}.Release|x86.Deploy.0 = Release|x86
		{241782FE-324A-4955-99DB-F38AFED3810F}.Debug|x64.ActiveCfg = Debug|x64
		{241782FE-324A-4955-99DB-F38AFED3810F}.Debug|x64.Build.0 = Debug|x64
		{241782FE-324A-4955-99DB-F38AFED3810F}.Debug|x86.ActiveCfg = Debug|x86
		{241782FE-324A-4955-99DB-F38AFED3810F}.Debug|x86.Build.0 = Debug|x86
		{241782FE-324A-4955-99DB-F38AFED3810F}.Release|x64.ActiveCfg = Release|x64
		{241782FE-324A-4955-99DB-F38AFED3810F}.Release|x64.Build.0 = Release|x64
		{241782FE-324A-4955-99DB-F38AFED3810F}.Release|x86.ActiveCfg = Release|x86
		{241782FE-324A-4955-99DB-F38AFED3810F}.Release|x86.Build.0 = Release|x86
	EndGlobalSection
	GlobalSection(SolutionProperties) = preSolution
		HideSolutionNode = FALSE
	EndGlobalSection
	GlobalSection(ExtensibilityGlobals) = postSolution
		SolutionGuid = {38476407-3A5E-4B97-BD19-BD0AEBF80C23}
	EndGlobalSection
EndGlobal
